
Microsoft Visual Studio Solution File, Format Version 12.00
# Visual Studio Version 17
VisualStudioVersion = 17.9.34701.34
MinimumVisualStudioVersion = 10.0.40219.1
Project("{9A19103F-16F7-4668-BE54-9A1E7A4F7556}") = "Medical Appointment Booking System", "Medical Appointment Booking System.csproj", "{DFB3F1EA-939B-43F5-B29E-A738911447A3}"
EndProject
Global
	GlobalSection(SolutionConfigurationPlatforms) = preSolution
		Debug|Any CPU = Debug|Any CPU
		Release|Any CPU = Release|Any CPU
	EndGlobalSection
	GlobalSection(ProjectConfigurationPlatforms) = postSolution
		{DFB3F1EA-939B-43F5-B29E-A738911447A3}.Debug|Any CPU.ActiveCfg = Debug|Any CPU
		{DFB3F1EA-939B-43F5-B29E-A738911447A3}.Debug|Any CPU.Build.0 = Debug|Any CPU
		{DFB3F1EA-939B-43F5-B29E-A738911447A3}.Release|Any CPU.ActiveCfg = Release|Any CPU
		{DFB3F1EA-939B-43F5-B29E-A738911447A3}.Release|Any CPU.Build.0 = Release|Any CPU
	EndGlobalSection
	GlobalSection(SolutionProperties) = preSolution
		HideSolutionNode = FALSE
	EndGlobalSection
	GlobalSection(ExtensibilityGlobals) = postSolution
		SolutionGuid = {9797C91E-AB3D-4EC5-8FE2-44E24B7347ED}
	EndGlobalSection
EndGlobal
